// !$*UTF8*$!
{
	archiveVersion = 1;
	classes = {
	};
	objectVersion = 46;
	objects = {

/* Begin PBXBuildFile section */
		040F6CD31F01453400074177 /* UIImageRotation.swift in Sources */ = {isa = PBXBuildFile; fileRef = 040F6CD21F01453400074177 /* UIImageRotation.swift */; };
		04106D2F1F8544CF004DB024 /* HotKey.swift in Sources */ = {isa = PBXBuildFile; fileRef = 04106D2A1F8544CF004DB024 /* HotKey.swift */; };
		04106D301F8544CF004DB024 /* HotKeysController.swift in Sources */ = {isa = PBXBuildFile; fileRef = 04106D2B1F8544CF004DB024 /* HotKeysController.swift */; };
		04106D311F8544CF004DB024 /* Key.swift in Sources */ = {isa = PBXBuildFile; fileRef = 04106D2C1F8544CF004DB024 /* Key.swift */; };
		04106D321F8544CF004DB024 /* KeyCombo.swift in Sources */ = {isa = PBXBuildFile; fileRef = 04106D2D1F8544CF004DB024 /* KeyCombo.swift */; };
		04106D331F8544CF004DB024 /* NSEventModifierFlags+HotKey.swift in Sources */ = {isa = PBXBuildFile; fileRef = 04106D2E1F8544CF004DB024 /* NSEventModifierFlags+HotKey.swift */; };
		044BBB2A1F6866CA0036520A /* html in Resources */ = {isa = PBXBuildFile; fileRef = 044BBB291F6866CA0036520A /* html */; };
		044BBB2D1F686A9D0036520A /* FileManager.swift in Sources */ = {isa = PBXBuildFile; fileRef = 044BBB2B1F686A9D0036520A /* FileManager.swift */; };
		044BBB301F68734C0036520A /* FileManager.xib in Resources */ = {isa = PBXBuildFile; fileRef = 044BBB2F1F68734C0036520A /* FileManager.xib */; };
		045BF6451F04DC0200A2A982 /* Preferences.swift in Sources */ = {isa = PBXBuildFile; fileRef = 045BF6431F04DC0200A2A982 /* Preferences.swift */; };
		045BF6461F04DC0200A2A982 /* Preferences.xib in Resources */ = {isa = PBXBuildFile; fileRef = 045BF6441F04DC0200A2A982 /* Preferences.xib */; };
		04745ABB1ED3594B00EEA5CF /* AppDelegate.swift in Sources */ = {isa = PBXBuildFile; fileRef = 04745ABA1ED3594B00EEA5CF /* AppDelegate.swift */; };
		04745AC01ED3594B00EEA5CF /* MainMenu.xib in Resources */ = {isa = PBXBuildFile; fileRef = 04745ABE1ED3594B00EEA5CF /* MainMenu.xib */; };
		04746CBC1F0E2A9200490D4C /* Images.xcassets in Resources */ = {isa = PBXBuildFile; fileRef = 04746CBB1F0E2A9200490D4C /* Images.xcassets */; };
		04778D2F1EDC8291006E9796 /* Server.swift in Sources */ = {isa = PBXBuildFile; fileRef = 04778D2E1EDC8291006E9796 /* Server.swift */; };
		04B4032E1EDC23C500A5F2A1 /* Pods_Bridged.framework in Frameworks */ = {isa = PBXBuildFile; fileRef = D97B1172B789AE7336AB8FA0 /* Pods_Bridged.framework */; };
		04F12F7E1ED3610800772904 /* Scripts in Resources */ = {isa = PBXBuildFile; fileRef = 04F12F7D1ED3610800772904 /* Scripts */; };
		04F12F801ED3616F00772904 /* ShellHandler.swift in Sources */ = {isa = PBXBuildFile; fileRef = 04F12F7F1ED3616F00772904 /* ShellHandler.swift */; };
		04F12F861ED39C9300772904 /* C.swift in Sources */ = {isa = PBXBuildFile; fileRef = 04F12F851ED39C9300772904 /* C.swift */; };
		04F12F881ED39DE600772904 /* Device.swift in Sources */ = {isa = PBXBuildFile; fileRef = 04F12F871ED39DE600772904 /* Device.swift */; };
		04F12F8A1ED40FBA00772904 /* ApkHandler.swift in Sources */ = {isa = PBXBuildFile; fileRef = 04F12F891ED40FBA00772904 /* ApkHandler.swift */; };
		04F12F8C1ED40FFF00772904 /* Apk.swift in Sources */ = {isa = PBXBuildFile; fileRef = 04F12F8B1ED40FFF00772904 /* Apk.swift */; };
		04F12F8E1ED4116D00772904 /* Util.swift in Sources */ = {isa = PBXBuildFile; fileRef = 04F12F8D1ED4116D00772904 /* Util.swift */; };
		04F12F901ED417F100772904 /* DeviceHandler.swift in Sources */ = {isa = PBXBuildFile; fileRef = 04F12F8F1ED417F100772904 /* DeviceHandler.swift */; };
		04F12F931ED4A87900772904 /* Popower.swift in Sources */ = {isa = PBXBuildFile; fileRef = 04F12F911ED4A87900772904 /* Popower.swift */; };
		04F12F941ED4A87900772904 /* Popower.xib in Resources */ = {isa = PBXBuildFile; fileRef = 04F12F921ED4A87900772904 /* Popower.xib */; };
		04F12F961ED5723A00772904 /* EventMonitor.swift in Sources */ = {isa = PBXBuildFile; fileRef = 04F12F951ED5723A00772904 /* EventMonitor.swift */; };
		04F5D64D1EDB1B9C00A476AD /* DeviceTableRow.swift in Sources */ = {isa = PBXBuildFile; fileRef = 04F5D64C1EDB1B9C00A476AD /* DeviceTableRow.swift */; };
/* End PBXBuildFile section */

/* Begin PBXFileReference section */
		040F6CD21F01453400074177 /* UIImageRotation.swift */ = {isa = PBXFileReference; fileEncoding = 4; lastKnownFileType = sourcecode.swift; path = UIImageRotation.swift; sourceTree = "<group>"; };
		04106D2A1F8544CF004DB024 /* HotKey.swift */ = {isa = PBXFileReference; fileEncoding = 4; lastKnownFileType = sourcecode.swift; path = HotKey.swift; sourceTree = "<group>"; };
		04106D2B1F8544CF004DB024 /* HotKeysController.swift */ = {isa = PBXFileReference; fileEncoding = 4; lastKnownFileType = sourcecode.swift; path = HotKeysController.swift; sourceTree = "<group>"; };
		04106D2C1F8544CF004DB024 /* Key.swift */ = {isa = PBXFileReference; fileEncoding = 4; lastKnownFileType = sourcecode.swift; path = Key.swift; sourceTree = "<group>"; };
		04106D2D1F8544CF004DB024 /* KeyCombo.swift */ = {isa = PBXFileReference; fileEncoding = 4; lastKnownFileType = sourcecode.swift; path = KeyCombo.swift; sourceTree = "<group>"; };
		04106D2E1F8544CF004DB024 /* NSEventModifierFlags+HotKey.swift */ = {isa = PBXFileReference; fileEncoding = 4; lastKnownFileType = sourcecode.swift; path = "NSEventModifierFlags+HotKey.swift"; sourceTree = "<group>"; };
		044BBB291F6866CA0036520A /* html */ = {isa = PBXFileReference; lastKnownFileType = folder; path = html; sourceTree = "<group>"; };
		044BBB2B1F686A9D0036520A /* FileManager.swift */ = {isa = PBXFileReference; fileEncoding = 4; lastKnownFileType = sourcecode.swift; path = FileManager.swift; sourceTree = "<group>"; };
		044BBB2F1F68734C0036520A /* FileManager.xib */ = {isa = PBXFileReference; fileEncoding = 4; lastKnownFileType = file.xib; path = FileManager.xib; sourceTree = "<group>"; };
		045BF6431F04DC0200A2A982 /* Preferences.swift */ = {isa = PBXFileReference; fileEncoding = 4; lastKnownFileType = sourcecode.swift; path = Preferences.swift; sourceTree = "<group>"; };
		045BF6441F04DC0200A2A982 /* Preferences.xib */ = {isa = PBXFileReference; fileEncoding = 4; lastKnownFileType = file.xib; path = Preferences.xib; sourceTree = "<group>"; };
		04745AB71ED3594B00EEA5CF /* Bridged.app */ = {isa = PBXFileReference; explicitFileType = wrapper.application; includeInIndex = 0; path = Bridged.app; sourceTree = BUILT_PRODUCTS_DIR; };
		04745ABA1ED3594B00EEA5CF /* AppDelegate.swift */ = {isa = PBXFileReference; lastKnownFileType = sourcecode.swift; path = AppDelegate.swift; sourceTree = "<group>"; };
		04745ABF1ED3594B00EEA5CF /* Base */ = {isa = PBXFileReference; lastKnownFileType = file.xib; name = Base; path = Base.lproj/MainMenu.xib; sourceTree = "<group>"; };
		04745AC11ED3594B00EEA5CF /* Info.plist */ = {isa = PBXFileReference; lastKnownFileType = text.plist.xml; path = Info.plist; sourceTree = "<group>"; };
		04746CBB1F0E2A9200490D4C /* Images.xcassets */ = {isa = PBXFileReference; lastKnownFileType = folder.assetcatalog; path = Images.xcassets; sourceTree = "<group>"; };
		04778D2E1EDC8291006E9796 /* Server.swift */ = {isa = PBXFileReference; fileEncoding = 4; lastKnownFileType = sourcecode.swift; path = Server.swift; sourceTree = "<group>"; };
		04F12F7D1ED3610800772904 /* Scripts */ = {isa = PBXFileReference; lastKnownFileType = folder; path = Scripts; sourceTree = "<group>"; };
		04F12F7F1ED3616F00772904 /* ShellHandler.swift */ = {isa = PBXFileReference; fileEncoding = 4; lastKnownFileType = sourcecode.swift; path = ShellHandler.swift; sourceTree = "<group>"; };
		04F12F851ED39C9300772904 /* C.swift */ = {isa = PBXFileReference; fileEncoding = 4; lastKnownFileType = sourcecode.swift; path = C.swift; sourceTree = "<group>"; };
		04F12F871ED39DE600772904 /* Device.swift */ = {isa = PBXFileReference; fileEncoding = 4; lastKnownFileType = sourcecode.swift; path = Device.swift; sourceTree = "<group>"; };
		04F12F891ED40FBA00772904 /* ApkHandler.swift */ = {isa = PBXFileReference; fileEncoding = 4; lastKnownFileType = sourcecode.swift; path = ApkHandler.swift; sourceTree = "<group>"; };
		04F12F8B1ED40FFF00772904 /* Apk.swift */ = {isa = PBXFileReference; fileEncoding = 4; lastKnownFileType = sourcecode.swift; path = Apk.swift; sourceTree = "<group>"; };
		04F12F8D1ED4116D00772904 /* Util.swift */ = {isa = PBXFileReference; fileEncoding = 4; lastKnownFileType = sourcecode.swift; path = Util.swift; sourceTree = "<group>"; };
		04F12F8F1ED417F100772904 /* DeviceHandler.swift */ = {isa = PBXFileReference; fileEncoding = 4; lastKnownFileType = sourcecode.swift; path = DeviceHandler.swift; sourceTree = "<group>"; };
		04F12F911ED4A87900772904 /* Popower.swift */ = {isa = PBXFileReference; fileEncoding = 4; lastKnownFileType = sourcecode.swift; path = Popower.swift; sourceTree = "<group>"; };
		04F12F921ED4A87900772904 /* Popower.xib */ = {isa = PBXFileReference; fileEncoding = 4; lastKnownFileType = file.xib; path = Popower.xib; sourceTree = "<group>"; };
		04F12F951ED5723A00772904 /* EventMonitor.swift */ = {isa = PBXFileReference; fileEncoding = 4; lastKnownFileType = sourcecode.swift; path = EventMonitor.swift; sourceTree = "<group>"; };
		04F5D64C1EDB1B9C00A476AD /* DeviceTableRow.swift */ = {isa = PBXFileReference; fileEncoding = 4; lastKnownFileType = sourcecode.swift; path = DeviceTableRow.swift; sourceTree = "<group>"; };
		09222E5BD55E1BF41CB14BCA /* Pods-Bridged.release.xcconfig */ = {isa = PBXFileReference; includeInIndex = 1; lastKnownFileType = text.xcconfig; name = "Pods-Bridged.release.xcconfig"; path = "Pods/Target Support Files/Pods-Bridged/Pods-Bridged.release.xcconfig"; sourceTree = "<group>"; };
		D97B1172B789AE7336AB8FA0 /* Pods_Bridged.framework */ = {isa = PBXFileReference; explicitFileType = wrapper.framework; includeInIndex = 0; path = Pods_Bridged.framework; sourceTree = BUILT_PRODUCTS_DIR; };
		DCB7641BFE8B737CBB9D880B /* Pods-Bridged.debug.xcconfig */ = {isa = PBXFileReference; includeInIndex = 1; lastKnownFileType = text.xcconfig; name = "Pods-Bridged.debug.xcconfig"; path = "Pods/Target Support Files/Pods-Bridged/Pods-Bridged.debug.xcconfig"; sourceTree = "<group>"; };
/* End PBXFileReference section */

/* Begin PBXFrameworksBuildPhase section */
		04745AB41ED3594B00EEA5CF /* Frameworks */ = {
			isa = PBXFrameworksBuildPhase;
			buildActionMask = 2147483647;
			files = (
				04B4032E1EDC23C500A5F2A1 /* Pods_Bridged.framework in Frameworks */,
			);
			runOnlyForDeploymentPostprocessing = 0;
		};
/* End PBXFrameworksBuildPhase section */

/* Begin PBXGroup section */
		04106D291F8544CF004DB024 /* HotKey */ = {
			isa = PBXGroup;
			children = (
				04106D2A1F8544CF004DB024 /* HotKey.swift */,
				04106D2B1F8544CF004DB024 /* HotKeysController.swift */,
				04106D2C1F8544CF004DB024 /* Key.swift */,
				04106D2D1F8544CF004DB024 /* KeyCombo.swift */,
				04106D2E1F8544CF004DB024 /* NSEventModifierFlags+HotKey.swift */,
			);
			path = HotKey;
			sourceTree = "<group>";
		};
		04745AAE1ED3594B00EEA5CF = {
			isa = PBXGroup;
			children = (
				04745AB91ED3594B00EEA5CF /* Bridged */,
				04745AB81ED3594B00EEA5CF /* Products */,
				15221D618E7D3C58245868B5 /* Pods */,
				DBBA552A53865FA38BA82D9B /* Frameworks */,
			);
			sourceTree = "<group>";
		};
		04745AB81ED3594B00EEA5CF /* Products */ = {
			isa = PBXGroup;
			children = (
				04745AB71ED3594B00EEA5CF /* Bridged.app */,
			);
			name = Products;
			sourceTree = "<group>";
		};
		04745AB91ED3594B00EEA5CF /* Bridged */ = {
			isa = PBXGroup;
			children = (
				04106D291F8544CF004DB024 /* HotKey */,
				044BBB291F6866CA0036520A /* html */,
				04745ABA1ED3594B00EEA5CF /* AppDelegate.swift */,
				04F12F8B1ED40FFF00772904 /* Apk.swift */,
				04F12F891ED40FBA00772904 /* ApkHandler.swift */,
				04F12F871ED39DE600772904 /* Device.swift */,
				04F12F8F1ED417F100772904 /* DeviceHandler.swift */,
				04F12F851ED39C9300772904 /* C.swift */,
				04F12F7F1ED3616F00772904 /* ShellHandler.swift */,
				040F6CD21F01453400074177 /* UIImageRotation.swift */,
				04F12F7D1ED3610800772904 /* Scripts */,
				04745ABE1ED3594B00EEA5CF /* MainMenu.xib */,
				04745AC11ED3594B00EEA5CF /* Info.plist */,
				04F12F8D1ED4116D00772904 /* Util.swift */,
				04F12F911ED4A87900772904 /* Popower.swift */,
				04F12F921ED4A87900772904 /* Popower.xib */,
				04F12F951ED5723A00772904 /* EventMonitor.swift */,
				04F5D64C1EDB1B9C00A476AD /* DeviceTableRow.swift */,
				04778D2E1EDC8291006E9796 /* Server.swift */,
				045BF6431F04DC0200A2A982 /* Preferences.swift */,
				045BF6441F04DC0200A2A982 /* Preferences.xib */,
				04746CBB1F0E2A9200490D4C /* Images.xcassets */,
				044BBB2B1F686A9D0036520A /* FileManager.swift */,
				044BBB2F1F68734C0036520A /* FileManager.xib */,
			);
			path = Bridged;
			sourceTree = "<group>";
		};
		15221D618E7D3C58245868B5 /* Pods */ = {
			isa = PBXGroup;
			children = (
				DCB7641BFE8B737CBB9D880B /* Pods-Bridged.debug.xcconfig */,
				09222E5BD55E1BF41CB14BCA /* Pods-Bridged.release.xcconfig */,
			);
			name = Pods;
			sourceTree = "<group>";
		};
		DBBA552A53865FA38BA82D9B /* Frameworks */ = {
			isa = PBXGroup;
			children = (
				D97B1172B789AE7336AB8FA0 /* Pods_Bridged.framework */,
			);
			name = Frameworks;
			sourceTree = "<group>";
		};
/* End PBXGroup section */

/* Begin PBXNativeTarget section */
		04745AB61ED3594B00EEA5CF /* Bridged */ = {
			isa = PBXNativeTarget;
			buildConfigurationList = 04745AC41ED3594B00EEA5CF /* Build configuration list for PBXNativeTarget "Bridged" */;
			buildPhases = (
				59C2F57081ECEDC4C1A93397 /* [CP] Check Pods Manifest.lock */,
				04745AB31ED3594B00EEA5CF /* Sources */,
				04745AB41ED3594B00EEA5CF /* Frameworks */,
				04745AB51ED3594B00EEA5CF /* Resources */,
				182723CB69B487FDF4356322 /* [CP] Embed Pods Frameworks */,
				166CA39CEBB2F5C529614248 /* [CP] Copy Pods Resources */,
			);
			buildRules = (
			);
			dependencies = (
			);
			name = Bridged;
			productName = Bridged;
			productReference = 04745AB71ED3594B00EEA5CF /* Bridged.app */;
			productType = "com.apple.product-type.application";
		};
/* End PBXNativeTarget section */

/* Begin PBXProject section */
		04745AAF1ED3594B00EEA5CF /* Project object */ = {
			isa = PBXProject;
			attributes = {
				LastSwiftUpdateCheck = 0820;
				LastUpgradeCheck = 0820;
				ORGANIZATIONNAME = "Timur Gasymov";
				TargetAttributes = {
					04745AB61ED3594B00EEA5CF = {
						CreatedOnToolsVersion = 8.2.1;
						ProvisioningStyle = Automatic;
					};
				};
			};
			buildConfigurationList = 04745AB21ED3594B00EEA5CF /* Build configuration list for PBXProject "Bridged" */;
			compatibilityVersion = "Xcode 3.2";
			developmentRegion = English;
			hasScannedForEncodings = 0;
			knownRegions = (
				en,
				Base,
			);
			mainGroup = 04745AAE1ED3594B00EEA5CF;
			productRefGroup = 04745AB81ED3594B00EEA5CF /* Products */;
			projectDirPath = "";
			projectRoot = "";
			targets = (
				04745AB61ED3594B00EEA5CF /* Bridged */,
			);
		};
/* End PBXProject section */

/* Begin PBXResourcesBuildPhase section */
		04745AB51ED3594B00EEA5CF /* Resources */ = {
			isa = PBXResourcesBuildPhase;
			buildActionMask = 2147483647;
			files = (
				04F12F941ED4A87900772904 /* Popower.xib in Resources */,
				044BBB2A1F6866CA0036520A /* html in Resources */,
				04746CBC1F0E2A9200490D4C /* Images.xcassets in Resources */,
				04F12F7E1ED3610800772904 /* Scripts in Resources */,
				044BBB301F68734C0036520A /* FileManager.xib in Resources */,
				04745AC01ED3594B00EEA5CF /* MainMenu.xib in Resources */,
				045BF6461F04DC0200A2A982 /* Preferences.xib in Resources */,
			);
			runOnlyForDeploymentPostprocessing = 0;
		};
/* End PBXResourcesBuildPhase section */

/* Begin PBXShellScriptBuildPhase section */
		166CA39CEBB2F5C529614248 /* [CP] Copy Pods Resources */ = {
			isa = PBXShellScriptBuildPhase;
			buildActionMask = 2147483647;
			files = (
			);
			inputPaths = (
			);
			name = "[CP] Copy Pods Resources";
			outputPaths = (
			);
			runOnlyForDeploymentPostprocessing = 0;
			shellPath = /bin/sh;
			shellScript = "\"${SRCROOT}/Pods/Target Support Files/Pods-Bridged/Pods-Bridged-resources.sh\"\n";
			showEnvVarsInLog = 0;
		};
		182723CB69B487FDF4356322 /* [CP] Embed Pods Frameworks */ = {
			isa = PBXShellScriptBuildPhase;
			buildActionMask = 2147483647;
			files = (
			);
			inputPaths = (
			);
			name = "[CP] Embed Pods Frameworks";
			outputPaths = (
			);
			runOnlyForDeploymentPostprocessing = 0;
			shellPath = /bin/sh;
			shellScript = "\"${SRCROOT}/Pods/Target Support Files/Pods-Bridged/Pods-Bridged-frameworks.sh\"\n";
			showEnvVarsInLog = 0;
		};
		59C2F57081ECEDC4C1A93397 /* [CP] Check Pods Manifest.lock */ = {
			isa = PBXShellScriptBuildPhase;
			buildActionMask = 2147483647;
			files = (
			);
			inputPaths = (
			);
			name = "[CP] Check Pods Manifest.lock";
			outputPaths = (
			);
			runOnlyForDeploymentPostprocessing = 0;
			shellPath = /bin/sh;
			shellScript = "diff \"${PODS_PODFILE_DIR_PATH}/Podfile.lock\" \"${PODS_ROOT}/Manifest.lock\" > /dev/null\nif [ $? != 0 ] ; then\n    # print error to STDERR\n    echo \"error: The sandbox is not in sync with the Podfile.lock. Run 'pod install' or update your CocoaPods installation.\" >&2\n    exit 1\nfi\n";
			showEnvVarsInLog = 0;
		};
/* End PBXShellScriptBuildPhase section */

/* Begin PBXSourcesBuildPhase section */
		04745AB31ED3594B00EEA5CF /* Sources */ = {
			isa = PBXSourcesBuildPhase;
			buildActionMask = 2147483647;
			files = (
				04F12F8C1ED40FFF00772904 /* Apk.swift in Sources */,
				04F5D64D1EDB1B9C00A476AD /* DeviceTableRow.swift in Sources */,
				040F6CD31F01453400074177 /* UIImageRotation.swift in Sources */,
				04F12F961ED5723A00772904 /* EventMonitor.swift in Sources */,
				04F12F8A1ED40FBA00772904 /* ApkHandler.swift in Sources */,
				04106D301F8544CF004DB024 /* HotKeysController.swift in Sources */,
				04F12F931ED4A87900772904 /* Popower.swift in Sources */,
				044BBB2D1F686A9D0036520A /* FileManager.swift in Sources */,
				04F12F8E1ED4116D00772904 /* Util.swift in Sources */,
				04F12F861ED39C9300772904 /* C.swift in Sources */,
				045BF6451F04DC0200A2A982 /* Preferences.swift in Sources */,
				04106D311F8544CF004DB024 /* Key.swift in Sources */,
				04F12F801ED3616F00772904 /* ShellHandler.swift in Sources */,
				04106D2F1F8544CF004DB024 /* HotKey.swift in Sources */,
				04106D321F8544CF004DB024 /* KeyCombo.swift in Sources */,
				04F12F901ED417F100772904 /* DeviceHandler.swift in Sources */,
				04745ABB1ED3594B00EEA5CF /* AppDelegate.swift in Sources */,
				04778D2F1EDC8291006E9796 /* Server.swift in Sources */,
				04106D331F8544CF004DB024 /* NSEventModifierFlags+HotKey.swift in Sources */,
				04F12F881ED39DE600772904 /* Device.swift in Sources */,
			);
			runOnlyForDeploymentPostprocessing = 0;
		};
/* End PBXSourcesBuildPhase section */

/* Begin PBXVariantGroup section */
		04745ABE1ED3594B00EEA5CF /* MainMenu.xib */ = {
			isa = PBXVariantGroup;
			children = (
				04745ABF1ED3594B00EEA5CF /* Base */,
			);
			name = MainMenu.xib;
			sourceTree = "<group>";
		};
/* End PBXVariantGroup section */

/* Begin XCBuildConfiguration section */
		04745AC21ED3594B00EEA5CF /* Debug */ = {
			isa = XCBuildConfiguration;
			buildSettings = {
				ALWAYS_SEARCH_USER_PATHS = NO;
				CLANG_ANALYZER_NONNULL = YES;
				CLANG_CXX_LANGUAGE_STANDARD = "gnu++0x";
				CLANG_CXX_LIBRARY = "libc++";
				CLANG_ENABLE_MODULES = YES;
				CLANG_ENABLE_OBJC_ARC = YES;
				CLANG_WARN_BOOL_CONVERSION = YES;
				CLANG_WARN_CONSTANT_CONVERSION = YES;
				CLANG_WARN_DIRECT_OBJC_ISA_USAGE = YES_ERROR;
				CLANG_WARN_DOCUMENTATION_COMMENTS = YES;
				CLANG_WARN_EMPTY_BODY = YES;
				CLANG_WARN_ENUM_CONVERSION = YES;
				CLANG_WARN_INFINITE_RECURSION = YES;
				CLANG_WARN_INT_CONVERSION = YES;
				CLANG_WARN_OBJC_ROOT_CLASS = YES_ERROR;
				CLANG_WARN_SUSPICIOUS_MOVE = YES;
				CLANG_WARN_UNREACHABLE_CODE = YES;
				CLANG_WARN__DUPLICATE_METHOD_MATCH = YES;
				CODE_SIGN_IDENTITY = "-";
				COPY_PHASE_STRIP = NO;
				DEBUG_INFORMATION_FORMAT = dwarf;
				ENABLE_STRICT_OBJC_MSGSEND = YES;
				ENABLE_TESTABILITY = YES;
				GCC_C_LANGUAGE_STANDARD = gnu99;
				GCC_DYNAMIC_NO_PIC = NO;
				GCC_NO_COMMON_BLOCKS = YES;
				GCC_OPTIMIZATION_LEVEL = 0;
				GCC_PREPROCESSOR_DEFINITIONS = (
					"DEBUG=1",
					"$(inherited)",
				);
				GCC_WARN_64_TO_32_BIT_CONVERSION = YES;
				GCC_WARN_ABOUT_RETURN_TYPE = YES_ERROR;
				GCC_WARN_UNDECLARED_SELECTOR = YES;
				GCC_WARN_UNINITIALIZED_AUTOS = YES_AGGRESSIVE;
				GCC_WARN_UNUSED_FUNCTION = YES;
				GCC_WARN_UNUSED_VARIABLE = YES;
				MACOSX_DEPLOYMENT_TARGET = 10.11;
				MTL_ENABLE_DEBUG_INFO = YES;
				ONLY_ACTIVE_ARCH = YES;
				SDKROOT = macosx;
				SWIFT_ACTIVE_COMPILATION_CONDITIONS = DEBUG;
				SWIFT_OPTIMIZATION_LEVEL = "-Onone";
			};
			name = Debug;
		};
		04745AC31ED3594B00EEA5CF /* Release */ = {
			isa = XCBuildConfiguration;
			buildSettings = {
				ALWAYS_SEARCH_USER_PATHS = NO;
				CLANG_ANALYZER_NONNULL = YES;
				CLANG_CXX_LANGUAGE_STANDARD = "gnu++0x";
				CLANG_CXX_LIBRARY = "libc++";
				CLANG_ENABLE_MODULES = YES;
				CLANG_ENABLE_OBJC_ARC = YES;
				CLANG_WARN_BOOL_CONVERSION = YES;
				CLANG_WARN_CONSTANT_CONVERSION = YES;
				CLANG_WARN_DIRECT_OBJC_ISA_USAGE = YES_ERROR;
				CLANG_WARN_DOCUMENTATION_COMMENTS = YES;
				CLANG_WARN_EMPTY_BODY = YES;
				CLANG_WARN_ENUM_CONVERSION = YES;
				CLANG_WARN_INFINITE_RECURSION = YES;
				CLANG_WARN_INT_CONVERSION = YES;
				CLANG_WARN_OBJC_ROOT_CLASS = YES_ERROR;
				CLANG_WARN_SUSPICIOUS_MOVE = YES;
				CLANG_WARN_UNREACHABLE_CODE = YES;
				CLANG_WARN__DUPLICATE_METHOD_MATCH = YES;
				CODE_SIGN_IDENTITY = "-";
				COPY_PHASE_STRIP = NO;
				DEBUG_INFORMATION_FORMAT = "dwarf-with-dsym";
				ENABLE_NS_ASSERTIONS = NO;
				ENABLE_STRICT_OBJC_MSGSEND = YES;
				GCC_C_LANGUAGE_STANDARD = gnu99;
				GCC_NO_COMMON_BLOCKS = YES;
				GCC_WARN_64_TO_32_BIT_CONVERSION = YES;
				GCC_WARN_ABOUT_RETURN_TYPE = YES_ERROR;
				GCC_WARN_UNDECLARED_SELECTOR = YES;
				GCC_WARN_UNINITIALIZED_AUTOS = YES_AGGRESSIVE;
				GCC_WARN_UNUSED_FUNCTION = YES;
				GCC_WARN_UNUSED_VARIABLE = YES;
				MACOSX_DEPLOYMENT_TARGET = 10.11;
				MTL_ENABLE_DEBUG_INFO = NO;
				SDKROOT = macosx;
				SWIFT_OPTIMIZATION_LEVEL = "-Owholemodule";
			};
			name = Release;
		};
		04745AC51ED3594B00EEA5CF /* Debug */ = {
			isa = XCBuildConfiguration;
			baseConfigurationReference = DCB7641BFE8B737CBB9D880B /* Pods-Bridged.debug.xcconfig */;
			buildSettings = {
				ASSETCATALOG_COMPILER_APPICON_NAME = AppIcon;
				COMBINE_HIDPI_IMAGES = YES;
				INFOPLIST_FILE = Bridged/Info.plist;
				LD_RUNPATH_SEARCH_PATHS = "$(inherited) @executable_path/../Frameworks";
				MACOSX_DEPLOYMENT_TARGET = 10.11;
				PRODUCT_BUNDLE_IDENTIFIER = timursoft.Bridged;
				PRODUCT_NAME = "$(TARGET_NAME)";
				SWIFT_VERSION = 3.0;
			};
			name = Debug;
		};
		04745AC61ED3594B00EEA5CF /* Release */ = {
			isa = XCBuildConfiguration;
			baseConfigurationReference = 09222E5BD55E1BF41CB14BCA /* Pods-Bridged.release.xcconfig */;
			buildSettings = {
				ASSETCATALOG_COMPILER_APPICON_NAME = AppIcon;
				COMBINE_HIDPI_IMAGES = YES;
				INFOPLIST_FILE = Bridged/Info.plist;
				LD_RUNPATH_SEARCH_PATHS = "$(inherited) @executable_path/../Frameworks";
				MACOSX_DEPLOYMENT_TARGET = 10.11;
				PRODUCT_BUNDLE_IDENTIFIER = timursoft.Bridged;
				PRODUCT_NAME = "$(TARGET_NAME)";
				SWIFT_VERSION = 3.0;
			};
			name = Release;
		};
/* End XCBuildConfiguration section */

/* Begin XCConfigurationList section */
		04745AB21ED3594B00EEA5CF /* Build configuration list for PBXProject "Bridged" */ = {
			isa = XCConfigurationList;
			buildConfigurations = (
				04745AC21ED3594B00EEA5CF /* Debug */,
				04745AC31ED3594B00EEA5CF /* Release */,
			);
			defaultConfigurationIsVisible = 0;
			defaultConfigurationName = Release;
		};
		04745AC41ED3594B00EEA5CF /* Build configuration list for PBXNativeTarget "Bridged" */ = {
			isa = XCConfigurationList;
			buildConfigurations = (
				04745AC51ED3594B00EEA5CF /* Debug */,
				04745AC61ED3594B00EEA5CF /* Release */,
			);
			defaultConfigurationIsVisible = 0;
			defaultConfigurationName = Release;
		};
/* End XCConfigurationList section */
	};
	rootObject = 04745AAF1ED3594B00EEA5CF /* Project object */;
}
